// !$*UTF8*$!
{
	archiveVersion = 1;
	classes = {
	};
	objectVersion = 46;
	objects = {

/* Begin PBXBuildFile section */
		3D53448A1D7DA3400039E5B1 /* PodMarvin.h in CopyFiles */ = {isa = PBXBuildFile; fileRef = 3D5344891D7DA3400039E5B1 /* PodMarvin.h */; };
		3D53448C1D7DA3400039E5B1 /* PodMarvin.m in Sources */ = {isa = PBXBuildFile; fileRef = 3D53448B1D7DA3400039E5B1 /* PodMarvin.m */; };
/* End PBXBuildFile section */

/* Begin PBXCopyFilesBuildPhase section */
		3D5344841D7DA3400039E5B1 /* CopyFiles */ = {
			isa = PBXCopyFilesBuildPhase;
			buildActionMask = 2147483647;
			dstPath = "include/$(PRODUCT_NAME)";
			dstSubfolderSpec = 16;
			files = (
				3D53448A1D7DA3400039E5B1 /* PodMarvin.h in CopyFiles */,
			);
			runOnlyForDeploymentPostprocessing = 0;
		};
/* End PBXCopyFilesBuildPhase section */

/* Begin PBXFileReference section */
		3D5344861D7DA3400039E5B1 /* libPodMarvin.a */ = {isa = PBXFileReference; explicitFileType = archive.ar; includeInIndex = 0; path = libPodMarvin.a; sourceTree = BUILT_PRODUCTS_DIR; };
		3D5344891D7DA3400039E5B1 /* PodMarvin.h */ = {isa = PBXFileReference; lastKnownFileType = sourcecode.c.h; path = PodMarvin.h; sourceTree = "<group>"; };
		3D53448B1D7DA3400039E5B1 /* PodMarvin.m */ = {isa = PBXFileReference; lastKnownFileType = sourcecode.c.objc; path = PodMarvin.m; sourceTree = "<group>"; };
/* End PBXFileReference section */

/* Begin PBXFrameworksBuildPhase section */
		3D5344831D7DA3400039E5B1 /* Frameworks */ = {
			isa = PBXFrameworksBuildPhase;
			buildActionMask = 2147483647;
			files = (
			);
			runOnlyForDeploymentPostprocessing = 0;
		};
/* End PBXFrameworksBuildPhase section */

/* Begin PBXGroup section */
		3D53447D1D7DA3400039E5B1 = {
			isa = PBXGroup;
			children = (
				3D5344881D7DA3400039E5B1 /* PodMarvin */,
				3D5344871D7DA3400039E5B1 /* Products */,
			);
			sourceTree = "<group>";
		};
		3D5344871D7DA3400039E5B1 /* Products */ = {
			isa = PBXGroup;
			children = (
				3D5344861D7DA3400039E5B1 /* libPodMarvin.a */,
			);
			name = Products;
			sourceTree = "<group>";
		};
		3D5344881D7DA3400039E5B1 /* PodMarvin */ = {
			isa = PBXGroup;
			children = (
				3D5344891D7DA3400039E5B1 /* PodMarvin.h */,
				3D53448B1D7DA3400039E5B1 /* PodMarvin.m */,
			);
			path = PodMarvin;
			sourceTree = "<group>";
		};
/* End PBXGroup section */

/* Begin PBXNativeTarget section */
		3D5344851D7DA3400039E5B1 /* PodMarvin */ = {
			isa = PBXNativeTarget;
			buildConfigurationList = 3D53448F1D7DA3400039E5B1 /* Build configuration list for PBXNativeTarget "PodMarvin" */;
			buildPhases = (
				3D5344821D7DA3400039E5B1 /* Sources */,
				3D5344831D7DA3400039E5B1 /* Frameworks */,
				3D5344841D7DA3400039E5B1 /* CopyFiles */,
			);
			buildRules = (
			);
			dependencies = (
			);
			name = PodMarvin;
			productName = PodMarvin;
			productReference = 3D5344861D7DA3400039E5B1 /* libPodMarvin.a */;
			productType = "com.apple.product-type.library.static";
		};
/* End PBXNativeTarget section */

/* Begin PBXProject section */
		3D53447E1D7DA3400039E5B1 /* Project object */ = {
			isa = PBXProject;
			attributes = {
				LastUpgradeCheck = 0730;
				ORGANIZATIONNAME = ClusterGIS;
				TargetAttributes = {
					3D5344851D7DA3400039E5B1 = {
						CreatedOnToolsVersion = 7.3.1;
					};
				};
			};
			buildConfigurationList = 3D5344811D7DA3400039E5B1 /* Build configuration list for PBXProject "PodMarvin" */;
			compatibilityVersion = "Xcode 3.2";
			developmentRegion = English;
			hasScannedForEncodings = 0;
			knownRegions = (
				en,
			);
			mainGroup = 3D53447D1D7DA3400039E5B1;
			productRefGroup = 3D5344871D7DA3400039E5B1 /* Products */;
			projectDirPath = "";
			projectRoot = "";
			targets = (
				3D5344851D7DA3400039E5B1 /* PodMarvin */,
			);
		};
/* End PBXProject section */

/* Begin PBXSourcesBuildPhase section */
		3D5344821D7DA3400039E5B1 /* Sources */ = {
			isa = PBXSourcesBuildPhase;
			buildActionMask = 2147483647;
			files = (
				3D53448C1D7DA3400039E5B1 /* PodMarvin.m in Sources */,
			);
			runOnlyForDeploymentPostprocessing = 0;
		};
/* End PBXSourcesBuildPhase section */

/* Begin XCBuildConfiguration section */
		3D53448D1D7DA3400039E5B1 /* Debug */ = {
			isa = XCBuildConfiguration;
			buildSettings = {
				ALWAYS_SEARCH_USER_PATHS = NO;
				CLANG_ANALYZER_NONNULL = YES;
				CLANG_CXX_LANGUAGE_STANDARD = "gnu++0x";
				CLANG_CXX_LIBRARY = "libc++";
				CLANG_ENABLE_MODULES = YES;
				CLANG_ENABLE_OBJC_ARC = YES;
				CLANG_WARN_BOOL_CONVERSION = YES;
				CLANG_WARN_CONSTANT_CONVERSION = YES;
				CLANG_WARN_DIRECT_OBJC_ISA_USAGE = YES_ERROR;
				CLANG_WARN_EMPTY_BODY = YES;
				CLANG_WARN_ENUM_CONVERSION = YES;
				CLANG_WARN_INT_CONVERSION = YES;
				CLANG_WARN_OBJC_ROOT_CLASS = YES_ERROR;
				CLANG_WARN_UNREACHABLE_CODE = YES;
				CLANG_WARN__DUPLICATE_METHOD_MATCH = YES;
				"CODE_SIGN_IDENTITY[sdk=iphoneos*]" = "iPhone Developer";
				COPY_PHASE_STRIP = NO;
				DEBUG_INFORMATION_FORMAT = dwarf;
				ENABLE_STRICT_OBJC_MSGSEND = YES;
				ENABLE_TESTABILITY = YES;
				GCC_C_LANGUAGE_STANDARD = gnu99;
				GCC_DYNAMIC_NO_PIC = NO;
				GCC_NO_COMMON_BLOCKS = YES;
				GCC_OPTIMIZATION_LEVEL = 0;
				GCC_PREPROCESSOR_DEFINITIONS = (
					"DEBUG=1",
					"$(inherited)",
				);
				GCC_WARN_64_TO_32_BIT_CONVERSION = YES;
				GCC_WARN_ABOUT_RETURN_TYPE = YES_ERROR;
				GCC_WARN_UNDECLARED_SELECTOR = YES;
				GCC_WARN_UNINITIALIZED_AUTOS = YES_AGGRESSIVE;
				GCC_WARN_UNUSED_FUNCTION = YES;
				GCC_WARN_UNUSED_VARIABLE = YES;
				IPHONEOS_DEPLOYMENT_TARGET = 9.3;
				MTL_ENABLE_DEBUG_INFO = YES;
				ONLY_ACTIVE_ARCH = YES;
				SDKROOT = iphoneos;
			};
			name = Debug;
		};
		3D53448E1D7DA3400039E5B1 /* Release */ = {
			isa = XCBuildConfiguration;
			buildSettings = {
				ALWAYS_SEARCH_USER_PATHS = NO;
				CLANG_ANALYZER_NONNULL = YES;
				CLANG_CXX_LANGUAGE_STANDARD = "gnu++0x";
				CLANG_CXX_LIBRARY = "libc++";
				CLANG_ENABLE_MODULES = YES;
				CLANG_ENABLE_OBJC_ARC = YES;
				CLANG_WARN_BOOL_CONVERSION = YES;
				CLANG_WARN_CONSTANT_CONVERSION = YES;
				CLANG_WARN_DIRECT_OBJC_ISA_USAGE = YES_ERROR;
				CLANG_WARN_EMPTY_BODY = YES;
				CLANG_WARN_ENUM_CONVERSION = YES;
				CLANG_WARN_INT_CONVERSION = YES;
				CLANG_WARN_OBJC_ROOT_CLASS = YES_ERROR;
				CLANG_WARN_UNREACHABLE_CODE = YES;
				CLANG_WARN__DUPLICATE_METHOD_MATCH = YES;
				"CODE_SIGN_IDENTITY[sdk=iphoneos*]" = "iPhone Developer";
				COPY_PHASE_STRIP = NO;
				DEBUG_INFORMATION_FORMAT = "dwarf-with-dsym";
				ENABLE_NS_ASSERTIONS = NO;
				ENABLE_STRICT_OBJC_MSGSEND = YES;
				GCC_C_LANGUAGE_STANDARD = gnu99;
				GCC_NO_COMMON_BLOCKS = YES;
				GCC_WARN_64_TO_32_BIT_CONVERSION = YES;
				GCC_WARN_ABOUT_RETURN_TYPE = YES_ERROR;
				GCC_WARN_UNDECLARED_SELECTOR = YES;
				GCC_WARN_UNINITIALIZED_AUTOS = YES_AGGRESSIVE;
				GCC_WARN_UNUSED_FUNCTION = YES;
				GCC_WARN_UNUSED_VARIABLE = YES;
				IPHONEOS_DEPLOYMENT_TARGET = 9.3;
				MTL_ENABLE_DEBUG_INFO = NO;
				SDKROOT = iphoneos;
				VALIDATE_PRODUCT = YES;
			};
			name = Release;
		};
		3D5344901D7DA3400039E5B1 /* Debug */ = {
			isa = XCBuildConfiguration;
			buildSettings = {
				OTHER_LDFLAGS = "-ObjC";
				PRODUCT_NAME = "$(TARGET_NAME)";
				SKIP_INSTALL = YES;
			};
			name = Debug;
		};
		3D5344911D7DA3400039E5B1 /* Release */ = {
			isa = XCBuildConfiguration;
			buildSettings = {
				OTHER_LDFLAGS = "-ObjC";
				PRODUCT_NAME = "$(TARGET_NAME)";
				SKIP_INSTALL = YES;
			};
			name = Release;
		};
/* End XCBuildConfiguration section */

/* Begin XCConfigurationList section */
		3D5344811D7DA3400039E5B1 /* Build configuration list for PBXProject "PodMarvin" */ = {
			isa = XCConfigurationList;
			buildConfigurations = (
				3D53448D1D7DA3400039E5B1 /* Debug */,
				3D53448E1D7DA3400039E5B1 /* Release */,
			);
			defaultConfigurationIsVisible = 0;
			defaultConfigurationName = Release;
		};
		3D53448F1D7DA3400039E5B1 /* Build configuration list for PBXNativeTarget "PodMarvin" */ = {
			isa = XCConfigurationList;
			buildConfigurations = (
				3D5344901D7DA3400039E5B1 /* Debug */,
				3D5344911D7DA3400039E5B1 /* Release */,
			);
			defaultConfigurationIsVisible = 0;
		};
/* End XCConfigurationList section */
	};
	rootObject = 3D53447E1D7DA3400039E5B1 /* Project object */;
}
